
Microsoft Visual Studio Solution File, Format Version 12.00
# Visual Studio Version 17
VisualStudioVersion = 17.2.32630.192
MinimumVisualStudioVersion = 10.0.40219.1
Project("{FAE04EC0-301F-11D3-BF4B-00C04F79EFBC}") = "DeptMTB", "DeptMTB.csproj", "{C6E9E257-E068-4BB4-A934-188D12A0C0B2}"
EndProject
Project("{FAE04EC0-301F-11D3-BF4B-00C04F79EFBC}") = "DeptMTB.API", "..\DeptMTB.API\DeptMTB.API.csproj", "{661DBD11-F50F-4AAA-99CC-54CF13FA02C7}"
EndProject
Global
	GlobalSection(SolutionConfigurationPlatforms) = preSolution
		Debug|Any CPU = Debug|Any CPU
		Release|Any CPU = Release|Any CPU
	EndGlobalSection
	GlobalSection(ProjectConfigurationPlatforms) = postSolution
		{C6E9E257-E068-4BB4-A934-188D12A0C0B2}.Debug|Any CPU.ActiveCfg = Debug|Any CPU
		{C6E9E257-E068-4BB4-A934-188D12A0C0B2}.Debug|Any CPU.Build.0 = Debug|Any CPU
		{C6E9E257-E068-4BB4-A934-188D12A0C0B2}.Release|Any CPU.ActiveCfg = Release|Any CPU
		{C6E9E257-E068-4BB4-A934-188D12A0C0B2}.Release|Any CPU.Build.0 = Release|Any CPU
		{661DBD11-F50F-4AAA-99CC-54CF13FA02C7}.Debug|Any CPU.ActiveCfg = Debug|Any CPU
		{661DBD11-F50F-4AAA-99CC-54CF13FA02C7}.Debug|Any CPU.Build.0 = Debug|Any CPU
		{661DBD11-F50F-4AAA-99CC-54CF13FA02C7}.Release|Any CPU.ActiveCfg = Release|Any CPU
		{661DBD11-F50F-4AAA-99CC-54CF13FA02C7}.Release|Any CPU.Build.0 = Release|Any CPU
	EndGlobalSection
	GlobalSection(SolutionProperties) = preSolution
		HideSolutionNode = FALSE
	EndGlobalSection
	GlobalSection(ExtensibilityGlobals) = postSolution
		SolutionGuid = {4D147974-2F9E-4CC8-9F0C-CDCCA46B489E}
	EndGlobalSection
EndGlobal
